// !$*UTF8*$!
{
	archiveVersion = 1;
	classes = {
	};
	objectVersion = 46;
	objects = {

/* Begin PBXBuildFile section */
		F12F9E551E5ED595009A5726 /* ImgCelda.swift in Sources */ = {isa = PBXBuildFile; fileRef = F12F9E541E5ED595009A5726 /* ImgCelda.swift */; };
		F16552811E5BFA43000CBC69 /* AppDelegate.swift in Sources */ = {isa = PBXBuildFile; fileRef = F16552801E5BFA43000CBC69 /* AppDelegate.swift */; };
		F16552831E5BFA43000CBC69 /* ViewController.swift in Sources */ = {isa = PBXBuildFile; fileRef = F16552821E5BFA43000CBC69 /* ViewController.swift */; };
		F16552861E5BFA43000CBC69 /* Main.storyboard in Resources */ = {isa = PBXBuildFile; fileRef = F16552841E5BFA43000CBC69 /* Main.storyboard */; };
		F16552891E5BFA43000CBC69 /* imagenes.xcdatamodeld in Sources */ = {isa = PBXBuildFile; fileRef = F16552871E5BFA43000CBC69 /* imagenes.xcdatamodeld */; };
		F165528B1E5BFA43000CBC69 /* Assets.xcassets in Resources */ = {isa = PBXBuildFile; fileRef = F165528A1E5BFA43000CBC69 /* Assets.xcassets */; };
		F165528E1E5BFA43000CBC69 /* LaunchScreen.storyboard in Resources */ = {isa = PBXBuildFile; fileRef = F165528C1E5BFA43000CBC69 /* LaunchScreen.storyboard */; };
		F16552961E5C1226000CBC69 /* CVC.swift in Sources */ = {isa = PBXBuildFile; fileRef = F16552951E5C1226000CBC69 /* CVC.swift */; };
/* End PBXBuildFile section */

/* Begin PBXFileReference section */
		F12F9E541E5ED595009A5726 /* ImgCelda.swift */ = {isa = PBXFileReference; fileEncoding = 4; lastKnownFileType = sourcecode.swift; path = ImgCelda.swift; sourceTree = "<group>"; };
		F165527D1E5BFA43000CBC69 /* imagenes.app */ = {isa = PBXFileReference; explicitFileType = wrapper.application; includeInIndex = 0; path = imagenes.app; sourceTree = BUILT_PRODUCTS_DIR; };
		F16552801E5BFA43000CBC69 /* AppDelegate.swift */ = {isa = PBXFileReference; lastKnownFileType = sourcecode.swift; path = AppDelegate.swift; sourceTree = "<group>"; };
		F16552821E5BFA43000CBC69 /* ViewController.swift */ = {isa = PBXFileReference; lastKnownFileType = sourcecode.swift; path = ViewController.swift; sourceTree = "<group>"; };
		F16552851E5BFA43000CBC69 /* Base */ = {isa = PBXFileReference; lastKnownFileType = file.storyboard; name = Base; path = Base.lproj/Main.storyboard; sourceTree = "<group>"; };
		F16552881E5BFA43000CBC69 /* imagenes.xcdatamodel */ = {isa = PBXFileReference; lastKnownFileType = wrapper.xcdatamodel; path = imagenes.xcdatamodel; sourceTree = "<group>"; };
		F165528A1E5BFA43000CBC69 /* Assets.xcassets */ = {isa = PBXFileReference; lastKnownFileType = folder.assetcatalog; path = Assets.xcassets; sourceTree = "<group>"; };
		F165528D1E5BFA43000CBC69 /* Base */ = {isa = PBXFileReference; lastKnownFileType = file.storyboard; name = Base; path = Base.lproj/LaunchScreen.storyboard; sourceTree = "<group>"; };
		F165528F1E5BFA43000CBC69 /* Info.plist */ = {isa = PBXFileReference; lastKnownFileType = text.plist.xml; path = Info.plist; sourceTree = "<group>"; };
		F16552951E5C1226000CBC69 /* CVC.swift */ = {isa = PBXFileReference; fileEncoding = 4; lastKnownFileType = sourcecode.swift; path = CVC.swift; sourceTree = "<group>"; };
/* End PBXFileReference section */

/* Begin PBXFrameworksBuildPhase section */
		F165527A1E5BFA43000CBC69 /* Frameworks */ = {
			isa = PBXFrameworksBuildPhase;
			buildActionMask = 2147483647;
			files = (
			);
			runOnlyForDeploymentPostprocessing = 0;
		};
/* End PBXFrameworksBuildPhase section */

/* Begin PBXGroup section */
		F16552741E5BFA43000CBC69 = {
			isa = PBXGroup;
			children = (
				F165527F1E5BFA43000CBC69 /* imagenes */,
				F165527E1E5BFA43000CBC69 /* Products */,
			);
			sourceTree = "<group>";
		};
		F165527E1E5BFA43000CBC69 /* Products */ = {
			isa = PBXGroup;
			children = (
				F165527D1E5BFA43000CBC69 /* imagenes.app */,
			);
			name = Products;
			sourceTree = "<group>";
		};
		F165527F1E5BFA43000CBC69 /* imagenes */ = {
			isa = PBXGroup;
			children = (
				F16552801E5BFA43000CBC69 /* AppDelegate.swift */,
				F16552821E5BFA43000CBC69 /* ViewController.swift */,
				F16552841E5BFA43000CBC69 /* Main.storyboard */,
				F165528A1E5BFA43000CBC69 /* Assets.xcassets */,
				F165528C1E5BFA43000CBC69 /* LaunchScreen.storyboard */,
				F165528F1E5BFA43000CBC69 /* Info.plist */,
				F16552871E5BFA43000CBC69 /* imagenes.xcdatamodeld */,
				F16552951E5C1226000CBC69 /* CVC.swift */,
				F12F9E541E5ED595009A5726 /* ImgCelda.swift */,
			);
			path = imagenes;
			sourceTree = "<group>";
		};
/* End PBXGroup section */

/* Begin PBXNativeTarget section */
		F165527C1E5BFA43000CBC69 /* imagenes */ = {
			isa = PBXNativeTarget;
			buildConfigurationList = F16552921E5BFA43000CBC69 /* Build configuration list for PBXNativeTarget "imagenes" */;
			buildPhases = (
				F16552791E5BFA43000CBC69 /* Sources */,
				F165527A1E5BFA43000CBC69 /* Frameworks */,
				F165527B1E5BFA43000CBC69 /* Resources */,
			);
			buildRules = (
			);
			dependencies = (
			);
			name = imagenes;
			productName = imagenes;
			productReference = F165527D1E5BFA43000CBC69 /* imagenes.app */;
			productType = "com.apple.product-type.application";
		};
/* End PBXNativeTarget section */

/* Begin PBXProject section */
		F16552751E5BFA43000CBC69 /* Project object */ = {
			isa = PBXProject;
			attributes = {
				LastSwiftUpdateCheck = 0810;
				LastUpgradeCheck = 0810;
				ORGANIZATIONNAME = "Rodrigo Hernandez";
				TargetAttributes = {
					F165527C1E5BFA43000CBC69 = {
						CreatedOnToolsVersion = 8.1;
						ProvisioningStyle = Automatic;
					};
				};
			};
			buildConfigurationList = F16552781E5BFA43000CBC69 /* Build configuration list for PBXProject "imagenes" */;
			compatibilityVersion = "Xcode 3.2";
			developmentRegion = English;
			hasScannedForEncodings = 0;
			knownRegions = (
				en,
				Base,
			);
			mainGroup = F16552741E5BFA43000CBC69;
			productRefGroup = F165527E1E5BFA43000CBC69 /* Products */;
			projectDirPath = "";
			projectRoot = "";
			targets = (
				F165527C1E5BFA43000CBC69 /* imagenes */,
			);
		};
/* End PBXProject section */

/* Begin PBXResourcesBuildPhase section */
		F165527B1E5BFA43000CBC69 /* Resources */ = {
			isa = PBXResourcesBuildPhase;
			buildActionMask = 2147483647;
			files = (
				F165528E1E5BFA43000CBC69 /* LaunchScreen.storyboard in Resources */,
				F165528B1E5BFA43000CBC69 /* Assets.xcassets in Resources */,
				F16552861E5BFA43000CBC69 /* Main.storyboard in Resources */,
			);
			runOnlyForDeploymentPostprocessing = 0;
		};
/* End PBXResourcesBuildPhase section */

/* Begin PBXSourcesBuildPhase section */
		F16552791E5BFA43000CBC69 /* Sources */ = {
			isa = PBXSourcesBuildPhase;
			buildActionMask = 2147483647;
			files = (
				F16552961E5C1226000CBC69 /* CVC.swift in Sources */,
				F16552831E5BFA43000CBC69 /* ViewController.swift in Sources */,
				F12F9E551E5ED595009A5726 /* ImgCelda.swift in Sources */,
				F16552811E5BFA43000CBC69 /* AppDelegate.swift in Sources */,
				F16552891E5BFA43000CBC69 /* imagenes.xcdatamodeld in Sources */,
			);
			runOnlyForDeploymentPostprocessing = 0;
		};
/* End PBXSourcesBuildPhase section */

/* Begin PBXVariantGroup section */
		F16552841E5BFA43000CBC69 /* Main.storyboard */ = {
			isa = PBXVariantGroup;
			children = (
				F16552851E5BFA43000CBC69 /* Base */,
			);
			name = Main.storyboard;
			sourceTree = "<group>";
		};
		F165528C1E5BFA43000CBC69 /* LaunchScreen.storyboard */ = {
			isa = PBXVariantGroup;
			children = (
				F165528D1E5BFA43000CBC69 /* Base */,
			);
			name = LaunchScreen.storyboard;
			sourceTree = "<group>";
		};
/* End PBXVariantGroup section */

/* Begin XCBuildConfiguration section */
		F16552901E5BFA43000CBC69 /* Debug */ = {
			isa = XCBuildConfiguration;
			buildSettings = {
				ALWAYS_SEARCH_USER_PATHS = NO;
				CLANG_ANALYZER_NONNULL = YES;
				CLANG_CXX_LANGUAGE_STANDARD = "gnu++0x";
				CLANG_CXX_LIBRARY = "libc++";
				CLANG_ENABLE_MODULES = YES;
				CLANG_ENABLE_OBJC_ARC = YES;
				CLANG_WARN_BOOL_CONVERSION = YES;
				CLANG_WARN_CONSTANT_CONVERSION = YES;
				CLANG_WARN_DIRECT_OBJC_ISA_USAGE = YES_ERROR;
				CLANG_WARN_DOCUMENTATION_COMMENTS = YES;
				CLANG_WARN_EMPTY_BODY = YES;
				CLANG_WARN_ENUM_CONVERSION = YES;
				CLANG_WARN_INFINITE_RECURSION = YES;
				CLANG_WARN_INT_CONVERSION = YES;
				CLANG_WARN_OBJC_ROOT_CLASS = YES_ERROR;
				CLANG_WARN_SUSPICIOUS_MOVES = YES;
				CLANG_WARN_UNREACHABLE_CODE = YES;
				CLANG_WARN__DUPLICATE_METHOD_MATCH = YES;
				"CODE_SIGN_IDENTITY[sdk=iphoneos*]" = "iPhone Developer";
				COPY_PHASE_STRIP = NO;
				DEBUG_INFORMATION_FORMAT = dwarf;
				ENABLE_STRICT_OBJC_MSGSEND = YES;
				ENABLE_TESTABILITY = YES;
				GCC_C_LANGUAGE_STANDARD = gnu99;
				GCC_DYNAMIC_NO_PIC = NO;
				GCC_NO_COMMON_BLOCKS = YES;
				GCC_OPTIMIZATION_LEVEL = 0;
				GCC_PREPROCESSOR_DEFINITIONS = (
					"DEBUG=1",
					"$(inherited)",
				);
				GCC_WARN_64_TO_32_BIT_CONVERSION = YES;
				GCC_WARN_ABOUT_RETURN_TYPE = YES_ERROR;
				GCC_WARN_UNDECLARED_SELECTOR = YES;
				GCC_WARN_UNINITIALIZED_AUTOS = YES_AGGRESSIVE;
				GCC_WARN_UNUSED_FUNCTION = YES;
				GCC_WARN_UNUSED_VARIABLE = YES;
				IPHONEOS_DEPLOYMENT_TARGET = 10.1;
				MTL_ENABLE_DEBUG_INFO = YES;
				ONLY_ACTIVE_ARCH = YES;
				SDKROOT = iphoneos;
				SWIFT_ACTIVE_COMPILATION_CONDITIONS = DEBUG;
				SWIFT_OPTIMIZATION_LEVEL = "-Onone";
				TARGETED_DEVICE_FAMILY = "1,2";
			};
			name = Debug;
		};
		F16552911E5BFA43000CBC69 /* Release */ = {
			isa = XCBuildConfiguration;
			buildSettings = {
				ALWAYS_SEARCH_USER_PATHS = NO;
				CLANG_ANALYZER_NONNULL = YES;
				CLANG_CXX_LANGUAGE_STANDARD = "gnu++0x";
				CLANG_CXX_LIBRARY = "libc++";
				CLANG_ENABLE_MODULES = YES;
				CLANG_ENABLE_OBJC_ARC = YES;
				CLANG_WARN_BOOL_CONVERSION = YES;
				CLANG_WARN_CONSTANT_CONVERSION = YES;
				CLANG_WARN_DIRECT_OBJC_ISA_USAGE = YES_ERROR;
				CLANG_WARN_DOCUMENTATION_COMMENTS = YES;
				CLANG_WARN_EMPTY_BODY = YES;
				CLANG_WARN_ENUM_CONVERSION = YES;
				CLANG_WARN_INFINITE_RECURSION = YES;
				CLANG_WARN_INT_CONVERSION = YES;
				CLANG_WARN_OBJC_ROOT_CLASS = YES_ERROR;
				CLANG_WARN_SUSPICIOUS_MOVES = YES;
				CLANG_WARN_UNREACHABLE_CODE = YES;
				CLANG_WARN__DUPLICATE_METHOD_MATCH = YES;
				"CODE_SIGN_IDENTITY[sdk=iphoneos*]" = "iPhone Developer";
				COPY_PHASE_STRIP = NO;
				DEBUG_INFORMATION_FORMAT = "dwarf-with-dsym";
				ENABLE_NS_ASSERTIONS = NO;
				ENABLE_STRICT_OBJC_MSGSEND = YES;
				GCC_C_LANGUAGE_STANDARD = gnu99;
				GCC_NO_COMMON_BLOCKS = YES;
				GCC_WARN_64_TO_32_BIT_CONVERSION = YES;
				GCC_WARN_ABOUT_RETURN_TYPE = YES_ERROR;
				GCC_WARN_UNDECLARED_SELECTOR = YES;
				GCC_WARN_UNINITIALIZED_AUTOS = YES_AGGRESSIVE;
				GCC_WARN_UNUSED_FUNCTION = YES;
				GCC_WARN_UNUSED_VARIABLE = YES;
				IPHONEOS_DEPLOYMENT_TARGET = 10.1;
				MTL_ENABLE_DEBUG_INFO = NO;
				SDKROOT = iphoneos;
				SWIFT_OPTIMIZATION_LEVEL = "-Owholemodule";
				TARGETED_DEVICE_FAMILY = "1,2";
				VALIDATE_PRODUCT = YES;
			};
			name = Release;
		};
		F16552931E5BFA43000CBC69 /* Debug */ = {
			isa = XCBuildConfiguration;
			buildSettings = {
				ASSETCATALOG_COMPILER_APPICON_NAME = AppIcon;
				INFOPLIST_FILE = imagenes/Info.plist;
				LD_RUNPATH_SEARCH_PATHS = "$(inherited) @executable_path/Frameworks";
				PRODUCT_BUNDLE_IDENTIFIER = com.org.imagenes;
				PRODUCT_NAME = "$(TARGET_NAME)";
				SWIFT_VERSION = 3.0;
			};
			name = Debug;
		};
		F16552941E5BFA43000CBC69 /* Release */ = {
			isa = XCBuildConfiguration;
			buildSettings = {
				ASSETCATALOG_COMPILER_APPICON_NAME = AppIcon;
				INFOPLIST_FILE = imagenes/Info.plist;
				LD_RUNPATH_SEARCH_PATHS = "$(inherited) @executable_path/Frameworks";
				PRODUCT_BUNDLE_IDENTIFIER = com.org.imagenes;
				PRODUCT_NAME = "$(TARGET_NAME)";
				SWIFT_VERSION = 3.0;
			};
			name = Release;
		};
/* End XCBuildConfiguration section */

/* Begin XCConfigurationList section */
		F16552781E5BFA43000CBC69 /* Build configuration list for PBXProject "imagenes" */ = {
			isa = XCConfigurationList;
			buildConfigurations = (
				F16552901E5BFA43000CBC69 /* Debug */,
				F16552911E5BFA43000CBC69 /* Release */,
			);
			defaultConfigurationIsVisible = 0;
			defaultConfigurationName = Release;
		};
		F16552921E5BFA43000CBC69 /* Build configuration list for PBXNativeTarget "imagenes" */ = {
			isa = XCConfigurationList;
			buildConfigurations = (
				F16552931E5BFA43000CBC69 /* Debug */,
				F16552941E5BFA43000CBC69 /* Release */,
			);
			defaultConfigurationIsVisible = 0;
			defaultConfigurationName = Release;
		};
/* End XCConfigurationList section */

/* Begin XCVersionGroup section */
		F16552871E5BFA43000CBC69 /* imagenes.xcdatamodeld */ = {
			isa = XCVersionGroup;
			children = (
				F16552881E5BFA43000CBC69 /* imagenes.xcdatamodel */,
			);
			currentVersion = F16552881E5BFA43000CBC69 /* imagenes.xcdatamodel */;
			path = imagenes.xcdatamodeld;
			sourceTree = "<group>";
			versionGroupType = wrapper.xcdatamodel;
		};
/* End XCVersionGroup section */
	};
	rootObject = F16552751E5BFA43000CBC69 /* Project object */;
}
